// !$*UTF8*$!
{
	archiveVersion = 1;
	classes = {
	};
	objectVersion = 56;
	objects = {

/* Begin PBXBuildFile section */
		344C98A32B35B63A003A10B7 /* Alamofire in Frameworks */ = {isa = PBXBuildFile; productRef = 344C98A22B35B63A003A10B7 /* Alamofire */; };
		344C98A62B35C032003A10B7 /* SwiftCSV in Frameworks */ = {isa = PBXBuildFile; productRef = 344C98A52B35C032003A10B7 /* SwiftCSV */; };
		3454451C2B33B1FF0004290E /* CurrencierApp.swift in Sources */ = {isa = PBXBuildFile; fileRef = 3454451B2B33B1FF0004290E /* CurrencierApp.swift */; };
		3454451E2B33B1FF0004290E /* Exchange.swift in Sources */ = {isa = PBXBuildFile; fileRef = 3454451D2B33B1FF0004290E /* Exchange.swift */; };
		345445202B33B2020004290E /* Assets.xcassets in Resources */ = {isa = PBXBuildFile; fileRef = 3454451F2B33B2020004290E /* Assets.xcassets */; };
		345445232B33B2020004290E /* Preview Assets.xcassets in Resources */ = {isa = PBXBuildFile; fileRef = 345445222B33B2020004290E /* Preview Assets.xcassets */; };
		3454452C2B33BCB10004290E /* Utils.swift in Sources */ = {isa = PBXBuildFile; fileRef = 3454452B2B33BCB10004290E /* Utils.swift */; };
		3454452F2B33C1CB0004290E /* Currencies.swift in Sources */ = {isa = PBXBuildFile; fileRef = 3454452E2B33C1CB0004290E /* Currencies.swift */; };
		346BC5542B34EA0200DC902C /* Toolbar.swift in Sources */ = {isa = PBXBuildFile; fileRef = 346BC5532B34EA0200DC902C /* Toolbar.swift */; };
		346BC5562B34EA3E00DC902C /* Charts.swift in Sources */ = {isa = PBXBuildFile; fileRef = 346BC5552B34EA3E00DC902C /* Charts.swift */; };
		346BC55E2B34ED4200DC902C /* Author.swift in Sources */ = {isa = PBXBuildFile; fileRef = 346BC55D2B34ED4200DC902C /* Author.swift */; };
		346BC5672B34EED600DC902C /* Main.swift in Sources */ = {isa = PBXBuildFile; fileRef = 346BC5662B34EED600DC902C /* Main.swift */; };
/* End PBXBuildFile section */

/* Begin PBXFileReference section */
		345445182B33B1FF0004290E /* Currencier.app */ = {isa = PBXFileReference; explicitFileType = wrapper.application; includeInIndex = 0; path = Currencier.app; sourceTree = BUILT_PRODUCTS_DIR; };
		3454451B2B33B1FF0004290E /* CurrencierApp.swift */ = {isa = PBXFileReference; lastKnownFileType = sourcecode.swift; path = CurrencierApp.swift; sourceTree = "<group>"; };
		3454451D2B33B1FF0004290E /* Exchange.swift */ = {isa = PBXFileReference; lastKnownFileType = sourcecode.swift; path = Exchange.swift; sourceTree = "<group>"; };
		3454451F2B33B2020004290E /* Assets.xcassets */ = {isa = PBXFileReference; lastKnownFileType = folder.assetcatalog; path = Assets.xcassets; sourceTree = "<group>"; };
		345445222B33B2020004290E /* Preview Assets.xcassets */ = {isa = PBXFileReference; lastKnownFileType = folder.assetcatalog; path = "Preview Assets.xcassets"; sourceTree = "<group>"; };
		3454452B2B33BCB10004290E /* Utils.swift */ = {isa = PBXFileReference; lastKnownFileType = sourcecode.swift; path = Utils.swift; sourceTree = "<group>"; };
		3454452E2B33C1CB0004290E /* Currencies.swift */ = {isa = PBXFileReference; lastKnownFileType = sourcecode.swift; path = Currencies.swift; sourceTree = "<group>"; };
		346BC5532B34EA0200DC902C /* Toolbar.swift */ = {isa = PBXFileReference; lastKnownFileType = sourcecode.swift; path = Toolbar.swift; sourceTree = "<group>"; };
		346BC5552B34EA3E00DC902C /* Charts.swift */ = {isa = PBXFileReference; lastKnownFileType = sourcecode.swift; path = Charts.swift; sourceTree = "<group>"; };
		346BC55D2B34ED4200DC902C /* Author.swift */ = {isa = PBXFileReference; lastKnownFileType = sourcecode.swift; path = Author.swift; sourceTree = "<group>"; };
		346BC5662B34EED600DC902C /* Main.swift */ = {isa = PBXFileReference; lastKnownFileType = sourcecode.swift; path = Main.swift; sourceTree = "<group>"; };
/* End PBXFileReference section */

/* Begin PBXFrameworksBuildPhase section */
		345445152B33B1FF0004290E /* Frameworks */ = {
			isa = PBXFrameworksBuildPhase;
			buildActionMask = 2147483647;
			files = (
				344C98A32B35B63A003A10B7 /* Alamofire in Frameworks */,
				344C98A62B35C032003A10B7 /* SwiftCSV in Frameworks */,
			);
			runOnlyForDeploymentPostprocessing = 0;
		};
/* End PBXFrameworksBuildPhase section */

/* Begin PBXGroup section */
		3454450F2B33B1FF0004290E = {
			isa = PBXGroup;
			children = (
				3454452D2B33C1BD0004290E /* Data */,
				3454452A2B33B8DB0004290E /* Views */,
				3454451A2B33B1FF0004290E /* Currencier */,
				345445192B33B1FF0004290E /* Products */,
			);
			sourceTree = "<group>";
		};
		345445192B33B1FF0004290E /* Products */ = {
			isa = PBXGroup;
			children = (
				345445182B33B1FF0004290E /* Currencier.app */,
			);
			name = Products;
			sourceTree = "<group>";
		};
		3454451A2B33B1FF0004290E /* Currencier */ = {
			isa = PBXGroup;
			children = (
				3454451B2B33B1FF0004290E /* CurrencierApp.swift */,
				3454451F2B33B2020004290E /* Assets.xcassets */,
				345445212B33B2020004290E /* Preview Content */,
			);
			path = Currencier;
			sourceTree = "<group>";
		};
		345445212B33B2020004290E /* Preview Content */ = {
			isa = PBXGroup;
			children = (
				345445222B33B2020004290E /* Preview Assets.xcassets */,
			);
			path = "Preview Content";
			sourceTree = "<group>";
		};
		3454452A2B33B8DB0004290E /* Views */ = {
			isa = PBXGroup;
			children = (
				3454451D2B33B1FF0004290E /* Exchange.swift */,
				346BC5532B34EA0200DC902C /* Toolbar.swift */,
				346BC5552B34EA3E00DC902C /* Charts.swift */,
				346BC55D2B34ED4200DC902C /* Author.swift */,
				346BC5662B34EED600DC902C /* Main.swift */,
			);
			path = Views;
			sourceTree = "<group>";
		};
		3454452D2B33C1BD0004290E /* Data */ = {
			isa = PBXGroup;
			children = (
				3454452B2B33BCB10004290E /* Utils.swift */,
				3454452E2B33C1CB0004290E /* Currencies.swift */,
			);
			path = Data;
			sourceTree = "<group>";
		};
/* End PBXGroup section */

/* Begin PBXNativeTarget section */
		345445172B33B1FF0004290E /* Currencier */ = {
			isa = PBXNativeTarget;
			buildConfigurationList = 345445262B33B2020004290E /* Build configuration list for PBXNativeTarget "Currencier" */;
			buildPhases = (
				345445142B33B1FF0004290E /* Sources */,
				345445152B33B1FF0004290E /* Frameworks */,
				345445162B33B1FF0004290E /* Resources */,
			);
			buildRules = (
			);
			dependencies = (
			);
			name = Currencier;
			packageProductDependencies = (
				344C98A22B35B63A003A10B7 /* Alamofire */,
				344C98A52B35C032003A10B7 /* SwiftCSV */,
			);
			productName = Currencier;
			productReference = 345445182B33B1FF0004290E /* Currencier.app */;
			productType = "com.apple.product-type.application";
		};
/* End PBXNativeTarget section */

/* Begin PBXProject section */
		345445102B33B1FF0004290E /* Project object */ = {
			isa = PBXProject;
			attributes = {
				BuildIndependentTargetsInParallel = 1;
				LastSwiftUpdateCheck = 1500;
				LastUpgradeCheck = 1500;
				TargetAttributes = {
					345445172B33B1FF0004290E = {
						CreatedOnToolsVersion = 15.0.1;
					};
				};
			};
			buildConfigurationList = 345445132B33B1FF0004290E /* Build configuration list for PBXProject "Currencier" */;
			compatibilityVersion = "Xcode 14.0";
			developmentRegion = en;
			hasScannedForEncodings = 0;
			knownRegions = (
				en,
				Base,
			);
			mainGroup = 3454450F2B33B1FF0004290E;
			packageReferences = (
				344C98A12B35B63A003A10B7 /* XCRemoteSwiftPackageReference "Alamofire" */,
				344C98A42B35C032003A10B7 /* XCRemoteSwiftPackageReference "SwiftCSV" */,
			);
			productRefGroup = 345445192B33B1FF0004290E /* Products */;
			projectDirPath = "";
			projectRoot = "";
			targets = (
				345445172B33B1FF0004290E /* Currencier */,
			);
		};
/* End PBXProject section */

/* Begin PBXResourcesBuildPhase section */
		345445162B33B1FF0004290E /* Resources */ = {
			isa = PBXResourcesBuildPhase;
			buildActionMask = 2147483647;
			files = (
				345445232B33B2020004290E /* Preview Assets.xcassets in Resources */,
				345445202B33B2020004290E /* Assets.xcassets in Resources */,
			);
			runOnlyForDeploymentPostprocessing = 0;
		};
/* End PBXResourcesBuildPhase section */

/* Begin PBXSourcesBuildPhase section */
		345445142B33B1FF0004290E /* Sources */ = {
			isa = PBXSourcesBuildPhase;
			buildActionMask = 2147483647;
			files = (
				346BC5562B34EA3E00DC902C /* Charts.swift in Sources */,
				3454451E2B33B1FF0004290E /* Exchange.swift in Sources */,
				346BC5672B34EED600DC902C /* Main.swift in Sources */,
				3454451C2B33B1FF0004290E /* CurrencierApp.swift in Sources */,
				346BC5542B34EA0200DC902C /* Toolbar.swift in Sources */,
				3454452F2B33C1CB0004290E /* Currencies.swift in Sources */,
				346BC55E2B34ED4200DC902C /* Author.swift in Sources */,
				3454452C2B33BCB10004290E /* Utils.swift in Sources */,
			);
			runOnlyForDeploymentPostprocessing = 0;
		};
/* End PBXSourcesBuildPhase section */

/* Begin XCBuildConfiguration section */
		345445242B33B2020004290E /* Debug */ = {
			isa = XCBuildConfiguration;
			buildSettings = {
				ALWAYS_SEARCH_USER_PATHS = NO;
				ASSETCATALOG_COMPILER_GENERATE_SWIFT_ASSET_SYMBOL_EXTENSIONS = YES;
				CLANG_ANALYZER_NONNULL = YES;
				CLANG_ANALYZER_NUMBER_OBJECT_CONVERSION = YES_AGGRESSIVE;
				CLANG_CXX_LANGUAGE_STANDARD = "gnu++20";
				CLANG_ENABLE_MODULES = YES;
				CLANG_ENABLE_OBJC_ARC = YES;
				CLANG_ENABLE_OBJC_WEAK = YES;
				CLANG_WARN_BLOCK_CAPTURE_AUTORELEASING = YES;
				CLANG_WARN_BOOL_CONVERSION = YES;
				CLANG_WARN_COMMA = YES;
				CLANG_WARN_CONSTANT_CONVERSION = YES;
				CLANG_WARN_DEPRECATED_OBJC_IMPLEMENTATIONS = YES;
				CLANG_WARN_DIRECT_OBJC_ISA_USAGE = YES_ERROR;
				CLANG_WARN_DOCUMENTATION_COMMENTS = YES;
				CLANG_WARN_EMPTY_BODY = YES;
				CLANG_WARN_ENUM_CONVERSION = YES;
				CLANG_WARN_INFINITE_RECURSION = YES;
				CLANG_WARN_INT_CONVERSION = YES;
				CLANG_WARN_NON_LITERAL_NULL_CONVERSION = YES;
				CLANG_WARN_OBJC_IMPLICIT_RETAIN_SELF = YES;
				CLANG_WARN_OBJC_LITERAL_CONVERSION = YES;
				CLANG_WARN_OBJC_ROOT_CLASS = YES_ERROR;
				CLANG_WARN_QUOTED_INCLUDE_IN_FRAMEWORK_HEADER = YES;
				CLANG_WARN_RANGE_LOOP_ANALYSIS = YES;
				CLANG_WARN_STRICT_PROTOTYPES = YES;
				CLANG_WARN_SUSPICIOUS_MOVE = YES;
				CLANG_WARN_UNGUARDED_AVAILABILITY = YES_AGGRESSIVE;
				CLANG_WARN_UNREACHABLE_CODE = YES;
				CLANG_WARN__DUPLICATE_METHOD_MATCH = YES;
				COPY_PHASE_STRIP = NO;
				DEBUG_INFORMATION_FORMAT = dwarf;
				ENABLE_STRICT_OBJC_MSGSEND = YES;
				ENABLE_TESTABILITY = YES;
				ENABLE_USER_SCRIPT_SANDBOXING = YES;
				GCC_C_LANGUAGE_STANDARD = gnu17;
				GCC_DYNAMIC_NO_PIC = NO;
				GCC_NO_COMMON_BLOCKS = YES;
				GCC_OPTIMIZATION_LEVEL = 0;
				GCC_PREPROCESSOR_DEFINITIONS = (
					"DEBUG=1",
					"$(inherited)",
				);
				GCC_WARN_64_TO_32_BIT_CONVERSION = YES;
				GCC_WARN_ABOUT_RETURN_TYPE = YES_ERROR;
				GCC_WARN_UNDECLARED_SELECTOR = YES;
				GCC_WARN_UNINITIALIZED_AUTOS = YES_AGGRESSIVE;
				GCC_WARN_UNUSED_FUNCTION = YES;
				GCC_WARN_UNUSED_VARIABLE = YES;
				IPHONEOS_DEPLOYMENT_TARGET = 17.0;
				LOCALIZATION_PREFERS_STRING_CATALOGS = YES;
				MTL_ENABLE_DEBUG_INFO = INCLUDE_SOURCE;
				MTL_FAST_MATH = YES;
				ONLY_ACTIVE_ARCH = YES;
				SDKROOT = iphoneos;
				SWIFT_ACTIVE_COMPILATION_CONDITIONS = "DEBUG $(inherited)";
				SWIFT_OPTIMIZATION_LEVEL = "-Onone";
			};
			name = Debug;
		};
		345445252B33B2020004290E /* Release */ = {
			isa = XCBuildConfiguration;
			buildSettings = {
				ALWAYS_SEARCH_USER_PATHS = NO;
				ASSETCATALOG_COMPILER_GENERATE_SWIFT_ASSET_SYMBOL_EXTENSIONS = YES;
				CLANG_ANALYZER_NONNULL = YES;
				CLANG_ANALYZER_NUMBER_OBJECT_CONVERSION = YES_AGGRESSIVE;
				CLANG_CXX_LANGUAGE_STANDARD = "gnu++20";
				CLANG_ENABLE_MODULES = YES;
				CLANG_ENABLE_OBJC_ARC = YES;
				CLANG_ENABLE_OBJC_WEAK = YES;
				CLANG_WARN_BLOCK_CAPTURE_AUTORELEASING = YES;
				CLANG_WARN_BOOL_CONVERSION = YES;
				CLANG_WARN_COMMA = YES;
				CLANG_WARN_CONSTANT_CONVERSION = YES;
				CLANG_WARN_DEPRECATED_OBJC_IMPLEMENTATIONS = YES;
				CLANG_WARN_DIRECT_OBJC_ISA_USAGE = YES_ERROR;
				CLANG_WARN_DOCUMENTATION_COMMENTS = YES;
				CLANG_WARN_EMPTY_BODY = YES;
				CLANG_WARN_ENUM_CONVERSION = YES;
				CLANG_WARN_INFINITE_RECURSION = YES;
				CLANG_WARN_INT_CONVERSION = YES;
				CLANG_WARN_NON_LITERAL_NULL_CONVERSION = YES;
				CLANG_WARN_OBJC_IMPLICIT_RETAIN_SELF = YES;
				CLANG_WARN_OBJC_LITERAL_CONVERSION = YES;
				CLANG_WARN_OBJC_ROOT_CLASS = YES_ERROR;
				CLANG_WARN_QUOTED_INCLUDE_IN_FRAMEWORK_HEADER = YES;
				CLANG_WARN_RANGE_LOOP_ANALYSIS = YES;
				CLANG_WARN_STRICT_PROTOTYPES = YES;
				CLANG_WARN_SUSPICIOUS_MOVE = YES;
				CLANG_WARN_UNGUARDED_AVAILABILITY = YES_AGGRESSIVE;
				CLANG_WARN_UNREACHABLE_CODE = YES;
				CLANG_WARN__DUPLICATE_METHOD_MATCH = YES;
				COPY_PHASE_STRIP = NO;
				DEBUG_INFORMATION_FORMAT = "dwarf-with-dsym";
				ENABLE_NS_ASSERTIONS = NO;
				ENABLE_STRICT_OBJC_MSGSEND = YES;
				ENABLE_USER_SCRIPT_SANDBOXING = YES;
				GCC_C_LANGUAGE_STANDARD = gnu17;
				GCC_NO_COMMON_BLOCKS = YES;
				GCC_WARN_64_TO_32_BIT_CONVERSION = YES;
				GCC_WARN_ABOUT_RETURN_TYPE = YES_ERROR;
				GCC_WARN_UNDECLARED_SELECTOR = YES;
				GCC_WARN_UNINITIALIZED_AUTOS = YES_AGGRESSIVE;
				GCC_WARN_UNUSED_FUNCTION = YES;
				GCC_WARN_UNUSED_VARIABLE = YES;
				IPHONEOS_DEPLOYMENT_TARGET = 17.0;
				LOCALIZATION_PREFERS_STRING_CATALOGS = YES;
				MTL_ENABLE_DEBUG_INFO = NO;
				MTL_FAST_MATH = YES;
				SDKROOT = iphoneos;
				SWIFT_COMPILATION_MODE = wholemodule;
				VALIDATE_PRODUCT = YES;
			};
			name = Release;
		};
		345445272B33B2020004290E /* Debug */ = {
			isa = XCBuildConfiguration;
			buildSettings = {
				ASSETCATALOG_COMPILER_APPICON_NAME = AppIcon;
				ASSETCATALOG_COMPILER_GLOBAL_ACCENT_COLOR_NAME = AccentColor;
				CODE_SIGN_STYLE = Automatic;
				CURRENT_PROJECT_VERSION = 1;
				DEVELOPMENT_ASSET_PATHS = "\"Currencier/Preview Content\"";
				ENABLE_PREVIEWS = YES;
				GENERATE_INFOPLIST_FILE = YES;
				INFOPLIST_KEY_UIApplicationSceneManifest_Generation = YES;
				INFOPLIST_KEY_UIApplicationSupportsIndirectInputEvents = YES;
				INFOPLIST_KEY_UILaunchScreen_Generation = YES;
				INFOPLIST_KEY_UISupportedInterfaceOrientations_iPad = "UIInterfaceOrientationPortrait UIInterfaceOrientationPortraitUpsideDown UIInterfaceOrientationLandscapeLeft UIInterfaceOrientationLandscapeRight";
				INFOPLIST_KEY_UISupportedInterfaceOrientations_iPhone = "UIInterfaceOrientationPortrait UIInterfaceOrientationLandscapeLeft UIInterfaceOrientationLandscapeRight";
				LD_RUNPATH_SEARCH_PATHS = (
					"$(inherited)",
					"@executable_path/Frameworks",
				);
				MARKETING_VERSION = 1.0;
				PRODUCT_BUNDLE_IDENTIFIER = "-.Currencier";
				PRODUCT_NAME = "$(TARGET_NAME)";
				SWIFT_EMIT_LOC_STRINGS = YES;
				SWIFT_VERSION = 5.0;
				TARGETED_DEVICE_FAMILY = "1,2";
			};
			name = Debug;
		};
		345445282B33B2020004290E /* Release */ = {
			isa = XCBuildConfiguration;
			buildSettings = {
				ASSETCATALOG_COMPILER_APPICON_NAME = AppIcon;
				ASSETCATALOG_COMPILER_GLOBAL_ACCENT_COLOR_NAME = AccentColor;
				CODE_SIGN_STYLE = Automatic;
				CURRENT_PROJECT_VERSION = 1;
				DEVELOPMENT_ASSET_PATHS = "\"Currencier/Preview Content\"";
				ENABLE_PREVIEWS = YES;
				GENERATE_INFOPLIST_FILE = YES;
				INFOPLIST_KEY_UIApplicationSceneManifest_Generation = YES;
				INFOPLIST_KEY_UIApplicationSupportsIndirectInputEvents = YES;
				INFOPLIST_KEY_UILaunchScreen_Generation = YES;
				INFOPLIST_KEY_UISupportedInterfaceOrientations_iPad = "UIInterfaceOrientationPortrait UIInterfaceOrientationPortraitUpsideDown UIInterfaceOrientationLandscapeLeft UIInterfaceOrientationLandscapeRight";
				INFOPLIST_KEY_UISupportedInterfaceOrientations_iPhone = "UIInterfaceOrientationPortrait UIInterfaceOrientationLandscapeLeft UIInterfaceOrientationLandscapeRight";
				LD_RUNPATH_SEARCH_PATHS = (
					"$(inherited)",
					"@executable_path/Frameworks",
				);
				MARKETING_VERSION = 1.0;
				PRODUCT_BUNDLE_IDENTIFIER = "-.Currencier";
				PRODUCT_NAME = "$(TARGET_NAME)";
				SWIFT_EMIT_LOC_STRINGS = YES;
				SWIFT_VERSION = 5.0;
				TARGETED_DEVICE_FAMILY = "1,2";
			};
			name = Release;
		};
/* End XCBuildConfiguration section */

/* Begin XCConfigurationList section */
		345445132B33B1FF0004290E /* Build configuration list for PBXProject "Currencier" */ = {
			isa = XCConfigurationList;
			buildConfigurations = (
				345445242B33B2020004290E /* Debug */,
				345445252B33B2020004290E /* Release */,
			);
			defaultConfigurationIsVisible = 0;
			defaultConfigurationName = Release;
		};
		345445262B33B2020004290E /* Build configuration list for PBXNativeTarget "Currencier" */ = {
			isa = XCConfigurationList;
			buildConfigurations = (
				345445272B33B2020004290E /* Debug */,
				345445282B33B2020004290E /* Release */,
			);
			defaultConfigurationIsVisible = 0;
			defaultConfigurationName = Release;
		};
/* End XCConfigurationList section */

/* Begin XCRemoteSwiftPackageReference section */
		344C98A12B35B63A003A10B7 /* XCRemoteSwiftPackageReference "Alamofire" */ = {
			isa = XCRemoteSwiftPackageReference;
			repositoryURL = "https://github.com/Alamofire/Alamofire.git";
			requirement = {
				kind = upToNextMajorVersion;
				minimumVersion = 5.8.1;
			};
		};
		344C98A42B35C032003A10B7 /* XCRemoteSwiftPackageReference "SwiftCSV" */ = {
			isa = XCRemoteSwiftPackageReference;
			repositoryURL = "https://github.com/swiftcsv/SwiftCSV.git";
			requirement = {
				kind = upToNextMajorVersion;
				minimumVersion = 0.9.1;
			};
		};
/* End XCRemoteSwiftPackageReference section */

/* Begin XCSwiftPackageProductDependency section */
		344C98A22B35B63A003A10B7 /* Alamofire */ = {
			isa = XCSwiftPackageProductDependency;
			package = 344C98A12B35B63A003A10B7 /* XCRemoteSwiftPackageReference "Alamofire" */;
			productName = Alamofire;
		};
		344C98A52B35C032003A10B7 /* SwiftCSV */ = {
			isa = XCSwiftPackageProductDependency;
			package = 344C98A42B35C032003A10B7 /* XCRemoteSwiftPackageReference "SwiftCSV" */;
			productName = SwiftCSV;
		};
/* End XCSwiftPackageProductDependency section */
	};
	rootObject = 345445102B33B1FF0004290E /* Project object */;
}
