// !$*UTF8*$!
{
	archiveVersion = 1;
	classes = {
	};
	objectVersion = 56;
	objects = {

/* Begin PBXBuildFile section */
		340437562B4466D400AC22E5 /* ChartsView.swift in Sources */ = {isa = PBXBuildFile; fileRef = 340437552B4466D300AC22E5 /* ChartsView.swift */; };
		340437672B4467FB00AC22E5 /* LineCharts.swift in Sources */ = {isa = PBXBuildFile; fileRef = 340437662B4467FB00AC22E5 /* LineCharts.swift */; };
		3404376B2B44680100AC22E5 /* CandleCharts.swift in Sources */ = {isa = PBXBuildFile; fileRef = 340437682B44680100AC22E5 /* CandleCharts.swift */; };
		3404376C2B44680100AC22E5 /* Triangle.swift in Sources */ = {isa = PBXBuildFile; fileRef = 340437692B44680100AC22E5 /* Triangle.swift */; };
		3404376D2B44680100AC22E5 /* CandleStick.swift in Sources */ = {isa = PBXBuildFile; fileRef = 3404376A2B44680100AC22E5 /* CandleStick.swift */; };
		340437752B44691800AC22E5 /* CurrencierApp.swift in Sources */ = {isa = PBXBuildFile; fileRef = 340437702B44691800AC22E5 /* CurrencierApp.swift */; };
		340437762B44691800AC22E5 /* Assets.xcassets in Resources */ = {isa = PBXBuildFile; fileRef = 340437712B44691800AC22E5 /* Assets.xcassets */; };
		340437772B44691800AC22E5 /* Preview Assets.xcassets in Resources */ = {isa = PBXBuildFile; fileRef = 340437732B44691800AC22E5 /* Preview Assets.xcassets */; };
		340437782B44691800AC22E5 /* 11.xcworkspace in Resources */ = {isa = PBXBuildFile; fileRef = 340437742B44691800AC22E5 /* 11.xcworkspace */; };
		34056C1A2B446B4600444C2E /* Toolbar.swift in Sources */ = {isa = PBXBuildFile; fileRef = 34056C172B446B4600444C2E /* Toolbar.swift */; };
		34056C1B2B446B4600444C2E /* SearchBar.swift in Sources */ = {isa = PBXBuildFile; fileRef = 34056C182B446B4600444C2E /* SearchBar.swift */; };
		34056C1C2B446B4600444C2E /* ScaleBar.swift in Sources */ = {isa = PBXBuildFile; fileRef = 34056C192B446B4600444C2E /* ScaleBar.swift */; };
		34056C3D2B446F4500444C2E /* CurrencyPair.swift in Sources */ = {isa = PBXBuildFile; fileRef = 34056C3C2B446F4500444C2E /* CurrencyPair.swift */; };
		34056C3F2B446F6800444C2E /* CurrencyPairs.swift in Sources */ = {isa = PBXBuildFile; fileRef = 34056C3E2B446F6800444C2E /* CurrencyPairs.swift */; };
		34056C412B446F9300444C2E /* Dataloader.swift in Sources */ = {isa = PBXBuildFile; fileRef = 34056C402B446F9300444C2E /* Dataloader.swift */; };
		34056C452B44729A00444C2E /* Converter.swift in Sources */ = {isa = PBXBuildFile; fileRef = 34056C442B44729A00444C2E /* Converter.swift */; };
		344C98A32B35B63A003A10B7 /* Alamofire in Frameworks */ = {isa = PBXBuildFile; productRef = 344C98A22B35B63A003A10B7 /* Alamofire */; };
		344C98A62B35C032003A10B7 /* SwiftCSV in Frameworks */ = {isa = PBXBuildFile; productRef = 344C98A52B35C032003A10B7 /* SwiftCSV */; };
		3454451E2B33B1FF0004290E /* Exchange.swift in Sources */ = {isa = PBXBuildFile; fileRef = 3454451D2B33B1FF0004290E /* Exchange.swift */; };
		3462DB8D2B445B5500BD9DA1 /* FilterDataRows.swift in Sources */ = {isa = PBXBuildFile; fileRef = 3462DB8C2B445B5500BD9DA1 /* FilterDataRows.swift */; };
		3462DB972B445E2D00BD9DA1 /* Main.swift in Sources */ = {isa = PBXBuildFile; fileRef = 3462DB962B445E2D00BD9DA1 /* Main.swift */; };
		346BC55E2B34ED4200DC902C /* Options.swift in Sources */ = {isa = PBXBuildFile; fileRef = 346BC55D2B34ED4200DC902C /* Options.swift */; };
		34712CDB2B44429400048B88 /* DownloadData.swift in Sources */ = {isa = PBXBuildFile; fileRef = 34712CDA2B44429400048B88 /* DownloadData.swift */; };
		34712CDD2B4442AE00048B88 /* DataRow.swift in Sources */ = {isa = PBXBuildFile; fileRef = 34712CDC2B4442AE00048B88 /* DataRow.swift */; };
		34A2AE362B447512002DCAE5 /* Symbols.swift in Sources */ = {isa = PBXBuildFile; fileRef = 34A2AE352B447512002DCAE5 /* Symbols.swift */; };
		34BE2A562C6FAEDE00F7F317 /* MainView.swift in Sources */ = {isa = PBXBuildFile; fileRef = 34BE2A552C6FAEDE00F7F317 /* MainView.swift */; };
		34CA452A2B58835D009274F6 /* Format.swift in Sources */ = {isa = PBXBuildFile; fileRef = 34CA45292B58835D009274F6 /* Format.swift */; };
		34EC5C1D2B4443D700F64E16 /* LoadData.swift in Sources */ = {isa = PBXBuildFile; fileRef = 34EC5C1C2B4443D700F64E16 /* LoadData.swift */; };
		34FA2EFB2B38DBB400587393 /* SwiftUICharts in Frameworks */ = {isa = PBXBuildFile; productRef = 34FA2EFA2B38DBB400587393 /* SwiftUICharts */; };
/* End PBXBuildFile section */

/* Begin PBXFileReference section */
		340437552B4466D300AC22E5 /* ChartsView.swift */ = {isa = PBXFileReference; fileEncoding = 4; lastKnownFileType = sourcecode.swift; path = ChartsView.swift; sourceTree = "<group>"; };
		340437662B4467FB00AC22E5 /* LineCharts.swift */ = {isa = PBXFileReference; fileEncoding = 4; lastKnownFileType = sourcecode.swift; path = LineCharts.swift; sourceTree = "<group>"; };
		340437682B44680100AC22E5 /* CandleCharts.swift */ = {isa = PBXFileReference; fileEncoding = 4; lastKnownFileType = sourcecode.swift; path = CandleCharts.swift; sourceTree = "<group>"; };
		340437692B44680100AC22E5 /* Triangle.swift */ = {isa = PBXFileReference; fileEncoding = 4; lastKnownFileType = sourcecode.swift; path = Triangle.swift; sourceTree = "<group>"; };
		3404376A2B44680100AC22E5 /* CandleStick.swift */ = {isa = PBXFileReference; fileEncoding = 4; lastKnownFileType = sourcecode.swift; path = CandleStick.swift; sourceTree = "<group>"; };
		340437702B44691800AC22E5 /* CurrencierApp.swift */ = {isa = PBXFileReference; fileEncoding = 4; lastKnownFileType = sourcecode.swift; path = CurrencierApp.swift; sourceTree = "<group>"; };
		340437712B44691800AC22E5 /* Assets.xcassets */ = {isa = PBXFileReference; lastKnownFileType = folder.assetcatalog; path = Assets.xcassets; sourceTree = "<group>"; };
		340437732B44691800AC22E5 /* Preview Assets.xcassets */ = {isa = PBXFileReference; lastKnownFileType = folder.assetcatalog; path = "Preview Assets.xcassets"; sourceTree = "<group>"; };
		340437742B44691800AC22E5 /* 11.xcworkspace */ = {isa = PBXFileReference; lastKnownFileType = wrapper.workspace; path = 11.xcworkspace; sourceTree = "<group>"; };
		34056C172B446B4600444C2E /* Toolbar.swift */ = {isa = PBXFileReference; fileEncoding = 4; lastKnownFileType = sourcecode.swift; path = Toolbar.swift; sourceTree = "<group>"; };
		34056C182B446B4600444C2E /* SearchBar.swift */ = {isa = PBXFileReference; fileEncoding = 4; lastKnownFileType = sourcecode.swift; path = SearchBar.swift; sourceTree = "<group>"; };
		34056C192B446B4600444C2E /* ScaleBar.swift */ = {isa = PBXFileReference; fileEncoding = 4; lastKnownFileType = sourcecode.swift; path = ScaleBar.swift; sourceTree = "<group>"; };
		34056C3C2B446F4500444C2E /* CurrencyPair.swift */ = {isa = PBXFileReference; lastKnownFileType = sourcecode.swift; path = CurrencyPair.swift; sourceTree = "<group>"; };
		34056C3E2B446F6800444C2E /* CurrencyPairs.swift */ = {isa = PBXFileReference; lastKnownFileType = sourcecode.swift; path = CurrencyPairs.swift; sourceTree = "<group>"; };
		34056C402B446F9300444C2E /* Dataloader.swift */ = {isa = PBXFileReference; lastKnownFileType = sourcecode.swift; path = Dataloader.swift; sourceTree = "<group>"; };
		34056C442B44729A00444C2E /* Converter.swift */ = {isa = PBXFileReference; lastKnownFileType = sourcecode.swift; path = Converter.swift; sourceTree = "<group>"; };
		345445182B33B1FF0004290E /* Currencier.app */ = {isa = PBXFileReference; explicitFileType = wrapper.application; includeInIndex = 0; path = Currencier.app; sourceTree = BUILT_PRODUCTS_DIR; };
		3454451D2B33B1FF0004290E /* Exchange.swift */ = {isa = PBXFileReference; lastKnownFileType = sourcecode.swift; path = Exchange.swift; sourceTree = "<group>"; };
		3462DB8C2B445B5500BD9DA1 /* FilterDataRows.swift */ = {isa = PBXFileReference; fileEncoding = 4; lastKnownFileType = sourcecode.swift; path = FilterDataRows.swift; sourceTree = "<group>"; };
		3462DB962B445E2D00BD9DA1 /* Main.swift */ = {isa = PBXFileReference; lastKnownFileType = sourcecode.swift; path = Main.swift; sourceTree = "<group>"; };
		346BC55D2B34ED4200DC902C /* Options.swift */ = {isa = PBXFileReference; lastKnownFileType = sourcecode.swift; path = Options.swift; sourceTree = "<group>"; };
		34712CDA2B44429400048B88 /* DownloadData.swift */ = {isa = PBXFileReference; lastKnownFileType = sourcecode.swift; path = DownloadData.swift; sourceTree = "<group>"; };
		34712CDC2B4442AE00048B88 /* DataRow.swift */ = {isa = PBXFileReference; lastKnownFileType = sourcecode.swift; path = DataRow.swift; sourceTree = "<group>"; };
		34A2AE352B447512002DCAE5 /* Symbols.swift */ = {isa = PBXFileReference; lastKnownFileType = sourcecode.swift; path = Symbols.swift; sourceTree = "<group>"; };
		34BE2A552C6FAEDE00F7F317 /* MainView.swift */ = {isa = PBXFileReference; lastKnownFileType = sourcecode.swift; path = MainView.swift; sourceTree = "<group>"; };
		34CA45292B58835D009274F6 /* Format.swift */ = {isa = PBXFileReference; lastKnownFileType = sourcecode.swift; name = Format.swift; path = Views/Charts/Line/Format.swift; sourceTree = SOURCE_ROOT; };
		34EC5C1C2B4443D700F64E16 /* LoadData.swift */ = {isa = PBXFileReference; lastKnownFileType = sourcecode.swift; path = LoadData.swift; sourceTree = "<group>"; };
/* End PBXFileReference section */

/* Begin PBXFrameworksBuildPhase section */
		345445152B33B1FF0004290E /* Frameworks */ = {
			isa = PBXFrameworksBuildPhase;
			buildActionMask = 2147483647;
			files = (
				34FA2EFB2B38DBB400587393 /* SwiftUICharts in Frameworks */,
				344C98A32B35B63A003A10B7 /* Alamofire in Frameworks */,
				344C98A62B35C032003A10B7 /* SwiftCSV in Frameworks */,
			);
			runOnlyForDeploymentPostprocessing = 0;
		};
/* End PBXFrameworksBuildPhase section */

/* Begin PBXGroup section */
		340437632B4467D000AC22E5 /* Charts */ = {
			isa = PBXGroup;
			children = (
				340437552B4466D300AC22E5 /* ChartsView.swift */,
				340437652B4467F300AC22E5 /* candle */,
				340437642B4467F300AC22E5 /* line */,
			);
			path = Charts;
			sourceTree = "<group>";
		};
		340437642B4467F300AC22E5 /* line */ = {
			isa = PBXGroup;
			children = (
				340437662B4467FB00AC22E5 /* LineCharts.swift */,
				34CA45292B58835D009274F6 /* Format.swift */,
			);
			path = line;
			sourceTree = "<group>";
		};
		340437652B4467F300AC22E5 /* candle */ = {
			isa = PBXGroup;
			children = (
				340437692B44680100AC22E5 /* Triangle.swift */,
				340437682B44680100AC22E5 /* CandleCharts.swift */,
				3404376A2B44680100AC22E5 /* CandleStick.swift */,
			);
			path = candle;
			sourceTree = "<group>";
		};
		3404376F2B44691800AC22E5 /* CurrencierMain */ = {
			isa = PBXGroup;
			children = (
				340437702B44691800AC22E5 /* CurrencierApp.swift */,
				340437712B44691800AC22E5 /* Assets.xcassets */,
				340437722B44691800AC22E5 /* Preview Content */,
				340437742B44691800AC22E5 /* 11.xcworkspace */,
			);
			path = CurrencierMain;
			sourceTree = "<group>";
		};
		340437722B44691800AC22E5 /* Preview Content */ = {
			isa = PBXGroup;
			children = (
				340437732B44691800AC22E5 /* Preview Assets.xcassets */,
			);
			path = "Preview Content";
			sourceTree = "<group>";
		};
		34056C162B446B4600444C2E /* ViewExtensions */ = {
			isa = PBXGroup;
			children = (
				34056C172B446B4600444C2E /* Toolbar.swift */,
				34056C182B446B4600444C2E /* SearchBar.swift */,
				34056C192B446B4600444C2E /* ScaleBar.swift */,
			);
			path = ViewExtensions;
			sourceTree = "<group>";
		};
		34056C3B2B446F2600444C2E /* Main */ = {
			isa = PBXGroup;
			children = (
				3462DB962B445E2D00BD9DA1 /* Main.swift */,
				34056C3C2B446F4500444C2E /* CurrencyPair.swift */,
				34056C3E2B446F6800444C2E /* CurrencyPairs.swift */,
				34BE2A552C6FAEDE00F7F317 /* MainView.swift */,
			);
			path = Main;
			sourceTree = "<group>";
		};
		3454450F2B33B1FF0004290E = {
			isa = PBXGroup;
			children = (
				3404376F2B44691800AC22E5 /* CurrencierMain */,
				34712CD82B44425E00048B88 /* Utils */,
				3454452D2B33C1BD0004290E /* Data */,
				3454452A2B33B8DB0004290E /* Views */,
				345445192B33B1FF0004290E /* Products */,
			);
			sourceTree = "<group>";
		};
		345445192B33B1FF0004290E /* Products */ = {
			isa = PBXGroup;
			children = (
				345445182B33B1FF0004290E /* Currencier.app */,
			);
			name = Products;
			sourceTree = "<group>";
		};
		3454452A2B33B8DB0004290E /* Views */ = {
			isa = PBXGroup;
			children = (
				34056C3B2B446F2600444C2E /* Main */,
				34056C162B446B4600444C2E /* ViewExtensions */,
				340437632B4467D000AC22E5 /* Charts */,
				346BC55D2B34ED4200DC902C /* Options.swift */,
				3454451D2B33B1FF0004290E /* Exchange.swift */,
			);
			path = Views;
			sourceTree = "<group>";
		};
		3454452D2B33C1BD0004290E /* Data */ = {
			isa = PBXGroup;
			children = (
				34A2AE322B4474A8002DCAE5 /* GlobalData */,
				34712CDC2B4442AE00048B88 /* DataRow.swift */,
			);
			path = Data;
			sourceTree = "<group>";
		};
		34712CD82B44425E00048B88 /* Utils */ = {
			isa = PBXGroup;
			children = (
				34056C402B446F9300444C2E /* Dataloader.swift */,
				3462DB8C2B445B5500BD9DA1 /* FilterDataRows.swift */,
				34712CDA2B44429400048B88 /* DownloadData.swift */,
				34EC5C1C2B4443D700F64E16 /* LoadData.swift */,
				34056C442B44729A00444C2E /* Converter.swift */,
			);
			path = Utils;
			sourceTree = "<group>";
		};
		34A2AE322B4474A8002DCAE5 /* GlobalData */ = {
			isa = PBXGroup;
			children = (
				34A2AE352B447512002DCAE5 /* Symbols.swift */,
			);
			path = GlobalData;
			sourceTree = "<group>";
		};
/* End PBXGroup section */

/* Begin PBXNativeTarget section */
		345445172B33B1FF0004290E /* Currencier */ = {
			isa = PBXNativeTarget;
			buildConfigurationList = 345445262B33B2020004290E /* Build configuration list for PBXNativeTarget "Currencier" */;
			buildPhases = (
				345445142B33B1FF0004290E /* Sources */,
				345445152B33B1FF0004290E /* Frameworks */,
				345445162B33B1FF0004290E /* Resources */,
			);
			buildRules = (
			);
			dependencies = (
			);
			name = Currencier;
			packageProductDependencies = (
				344C98A22B35B63A003A10B7 /* Alamofire */,
				344C98A52B35C032003A10B7 /* SwiftCSV */,
				34FA2EFA2B38DBB400587393 /* SwiftUICharts */,
			);
			productName = Currencier;
			productReference = 345445182B33B1FF0004290E /* Currencier.app */;
			productType = "com.apple.product-type.application";
		};
/* End PBXNativeTarget section */

/* Begin PBXProject section */
		345445102B33B1FF0004290E /* Project object */ = {
			isa = PBXProject;
			attributes = {
				BuildIndependentTargetsInParallel = 1;
				LastSwiftUpdateCheck = 1500;
				LastUpgradeCheck = 1500;
				TargetAttributes = {
					345445172B33B1FF0004290E = {
						CreatedOnToolsVersion = 15.0.1;
					};
				};
			};
			buildConfigurationList = 345445132B33B1FF0004290E /* Build configuration list for PBXProject "Currencier" */;
			compatibilityVersion = "Xcode 14.0";
			developmentRegion = en;
			hasScannedForEncodings = 0;
			knownRegions = (
				en,
				Base,
			);
			mainGroup = 3454450F2B33B1FF0004290E;
			packageReferences = (
				344C98A12B35B63A003A10B7 /* XCRemoteSwiftPackageReference "Alamofire" */,
				344C98A42B35C032003A10B7 /* XCRemoteSwiftPackageReference "SwiftCSV" */,
				34FA2EF92B38DBB400587393 /* XCRemoteSwiftPackageReference "chartview" */,
			);
			productRefGroup = 345445192B33B1FF0004290E /* Products */;
			projectDirPath = "";
			projectRoot = "";
			targets = (
				345445172B33B1FF0004290E /* Currencier */,
			);
		};
/* End PBXProject section */

/* Begin PBXResourcesBuildPhase section */
		345445162B33B1FF0004290E /* Resources */ = {
			isa = PBXResourcesBuildPhase;
			buildActionMask = 2147483647;
			files = (
				340437772B44691800AC22E5 /* Preview Assets.xcassets in Resources */,
				340437782B44691800AC22E5 /* 11.xcworkspace in Resources */,
				340437762B44691800AC22E5 /* Assets.xcassets in Resources */,
			);
			runOnlyForDeploymentPostprocessing = 0;
		};
/* End PBXResourcesBuildPhase section */

/* Begin PBXSourcesBuildPhase section */
		345445142B33B1FF0004290E /* Sources */ = {
			isa = PBXSourcesBuildPhase;
			buildActionMask = 2147483647;
			files = (
				34CA452A2B58835D009274F6 /* Format.swift in Sources */,
				340437672B4467FB00AC22E5 /* LineCharts.swift in Sources */,
				3462DB972B445E2D00BD9DA1 /* Main.swift in Sources */,
				34712CDB2B44429400048B88 /* DownloadData.swift in Sources */,
				340437752B44691800AC22E5 /* CurrencierApp.swift in Sources */,
				3454451E2B33B1FF0004290E /* Exchange.swift in Sources */,
				34056C1B2B446B4600444C2E /* SearchBar.swift in Sources */,
				34A2AE362B447512002DCAE5 /* Symbols.swift in Sources */,
				3404376D2B44680100AC22E5 /* CandleStick.swift in Sources */,
				34712CDD2B4442AE00048B88 /* DataRow.swift in Sources */,
				34056C412B446F9300444C2E /* Dataloader.swift in Sources */,
				3462DB8D2B445B5500BD9DA1 /* FilterDataRows.swift in Sources */,
				34056C452B44729A00444C2E /* Converter.swift in Sources */,
				34056C1C2B446B4600444C2E /* ScaleBar.swift in Sources */,
				340437562B4466D400AC22E5 /* ChartsView.swift in Sources */,
				34056C3F2B446F6800444C2E /* CurrencyPairs.swift in Sources */,
				346BC55E2B34ED4200DC902C /* Options.swift in Sources */,
				3404376B2B44680100AC22E5 /* CandleCharts.swift in Sources */,
				34056C1A2B446B4600444C2E /* Toolbar.swift in Sources */,
				34BE2A562C6FAEDE00F7F317 /* MainView.swift in Sources */,
				34EC5C1D2B4443D700F64E16 /* LoadData.swift in Sources */,
				34056C3D2B446F4500444C2E /* CurrencyPair.swift in Sources */,
				3404376C2B44680100AC22E5 /* Triangle.swift in Sources */,
			);
			runOnlyForDeploymentPostprocessing = 0;
		};
/* End PBXSourcesBuildPhase section */

/* Begin XCBuildConfiguration section */
		345445242B33B2020004290E /* Debug */ = {
			isa = XCBuildConfiguration;
			buildSettings = {
				ALWAYS_SEARCH_USER_PATHS = NO;
				ASSETCATALOG_COMPILER_GENERATE_SWIFT_ASSET_SYMBOL_EXTENSIONS = YES;
				CLANG_ANALYZER_NONNULL = YES;
				CLANG_ANALYZER_NUMBER_OBJECT_CONVERSION = YES_AGGRESSIVE;
				CLANG_CXX_LANGUAGE_STANDARD = "gnu++20";
				CLANG_ENABLE_MODULES = YES;
				CLANG_ENABLE_OBJC_ARC = YES;
				CLANG_ENABLE_OBJC_WEAK = YES;
				CLANG_WARN_BLOCK_CAPTURE_AUTORELEASING = YES;
				CLANG_WARN_BOOL_CONVERSION = YES;
				CLANG_WARN_COMMA = YES;
				CLANG_WARN_CONSTANT_CONVERSION = YES;
				CLANG_WARN_DEPRECATED_OBJC_IMPLEMENTATIONS = YES;
				CLANG_WARN_DIRECT_OBJC_ISA_USAGE = YES_ERROR;
				CLANG_WARN_DOCUMENTATION_COMMENTS = YES;
				CLANG_WARN_EMPTY_BODY = YES;
				CLANG_WARN_ENUM_CONVERSION = YES;
				CLANG_WARN_INFINITE_RECURSION = YES;
				CLANG_WARN_INT_CONVERSION = YES;
				CLANG_WARN_NON_LITERAL_NULL_CONVERSION = YES;
				CLANG_WARN_OBJC_IMPLICIT_RETAIN_SELF = YES;
				CLANG_WARN_OBJC_LITERAL_CONVERSION = YES;
				CLANG_WARN_OBJC_ROOT_CLASS = YES_ERROR;
				CLANG_WARN_QUOTED_INCLUDE_IN_FRAMEWORK_HEADER = YES;
				CLANG_WARN_RANGE_LOOP_ANALYSIS = YES;
				CLANG_WARN_STRICT_PROTOTYPES = YES;
				CLANG_WARN_SUSPICIOUS_MOVE = YES;
				CLANG_WARN_UNGUARDED_AVAILABILITY = YES_AGGRESSIVE;
				CLANG_WARN_UNREACHABLE_CODE = YES;
				CLANG_WARN__DUPLICATE_METHOD_MATCH = YES;
				COPY_PHASE_STRIP = NO;
				DEBUG_INFORMATION_FORMAT = dwarf;
				ENABLE_STRICT_OBJC_MSGSEND = YES;
				ENABLE_TESTABILITY = YES;
				ENABLE_USER_SCRIPT_SANDBOXING = YES;
				GCC_C_LANGUAGE_STANDARD = gnu17;
				GCC_DYNAMIC_NO_PIC = NO;
				GCC_NO_COMMON_BLOCKS = YES;
				GCC_OPTIMIZATION_LEVEL = 0;
				GCC_PREPROCESSOR_DEFINITIONS = (
					"DEBUG=1",
					"$(inherited)",
				);
				GCC_WARN_64_TO_32_BIT_CONVERSION = YES;
				GCC_WARN_ABOUT_RETURN_TYPE = YES_ERROR;
				GCC_WARN_UNDECLARED_SELECTOR = YES;
				GCC_WARN_UNINITIALIZED_AUTOS = YES_AGGRESSIVE;
				GCC_WARN_UNUSED_FUNCTION = YES;
				GCC_WARN_UNUSED_VARIABLE = YES;
				IPHONEOS_DEPLOYMENT_TARGET = 17.0;
				LOCALIZATION_PREFERS_STRING_CATALOGS = YES;
				MTL_ENABLE_DEBUG_INFO = INCLUDE_SOURCE;
				MTL_FAST_MATH = YES;
				ONLY_ACTIVE_ARCH = YES;
				SDKROOT = iphoneos;
				SWIFT_ACTIVE_COMPILATION_CONDITIONS = "DEBUG $(inherited)";
				SWIFT_OPTIMIZATION_LEVEL = "-Onone";
			};
			name = Debug;
		};
		345445252B33B2020004290E /* Release */ = {
			isa = XCBuildConfiguration;
			buildSettings = {
				ALWAYS_SEARCH_USER_PATHS = NO;
				ASSETCATALOG_COMPILER_GENERATE_SWIFT_ASSET_SYMBOL_EXTENSIONS = YES;
				CLANG_ANALYZER_NONNULL = YES;
				CLANG_ANALYZER_NUMBER_OBJECT_CONVERSION = YES_AGGRESSIVE;
				CLANG_CXX_LANGUAGE_STANDARD = "gnu++20";
				CLANG_ENABLE_MODULES = YES;
				CLANG_ENABLE_OBJC_ARC = YES;
				CLANG_ENABLE_OBJC_WEAK = YES;
				CLANG_WARN_BLOCK_CAPTURE_AUTORELEASING = YES;
				CLANG_WARN_BOOL_CONVERSION = YES;
				CLANG_WARN_COMMA = YES;
				CLANG_WARN_CONSTANT_CONVERSION = YES;
				CLANG_WARN_DEPRECATED_OBJC_IMPLEMENTATIONS = YES;
				CLANG_WARN_DIRECT_OBJC_ISA_USAGE = YES_ERROR;
				CLANG_WARN_DOCUMENTATION_COMMENTS = YES;
				CLANG_WARN_EMPTY_BODY = YES;
				CLANG_WARN_ENUM_CONVERSION = YES;
				CLANG_WARN_INFINITE_RECURSION = YES;
				CLANG_WARN_INT_CONVERSION = YES;
				CLANG_WARN_NON_LITERAL_NULL_CONVERSION = YES;
				CLANG_WARN_OBJC_IMPLICIT_RETAIN_SELF = YES;
				CLANG_WARN_OBJC_LITERAL_CONVERSION = YES;
				CLANG_WARN_OBJC_ROOT_CLASS = YES_ERROR;
				CLANG_WARN_QUOTED_INCLUDE_IN_FRAMEWORK_HEADER = YES;
				CLANG_WARN_RANGE_LOOP_ANALYSIS = YES;
				CLANG_WARN_STRICT_PROTOTYPES = YES;
				CLANG_WARN_SUSPICIOUS_MOVE = YES;
				CLANG_WARN_UNGUARDED_AVAILABILITY = YES_AGGRESSIVE;
				CLANG_WARN_UNREACHABLE_CODE = YES;
				CLANG_WARN__DUPLICATE_METHOD_MATCH = YES;
				COPY_PHASE_STRIP = NO;
				DEBUG_INFORMATION_FORMAT = "dwarf-with-dsym";
				ENABLE_NS_ASSERTIONS = NO;
				ENABLE_STRICT_OBJC_MSGSEND = YES;
				ENABLE_USER_SCRIPT_SANDBOXING = YES;
				GCC_C_LANGUAGE_STANDARD = gnu17;
				GCC_NO_COMMON_BLOCKS = YES;
				GCC_WARN_64_TO_32_BIT_CONVERSION = YES;
				GCC_WARN_ABOUT_RETURN_TYPE = YES_ERROR;
				GCC_WARN_UNDECLARED_SELECTOR = YES;
				GCC_WARN_UNINITIALIZED_AUTOS = YES_AGGRESSIVE;
				GCC_WARN_UNUSED_FUNCTION = YES;
				GCC_WARN_UNUSED_VARIABLE = YES;
				IPHONEOS_DEPLOYMENT_TARGET = 17.0;
				LOCALIZATION_PREFERS_STRING_CATALOGS = YES;
				MTL_ENABLE_DEBUG_INFO = NO;
				MTL_FAST_MATH = YES;
				SDKROOT = iphoneos;
				SWIFT_COMPILATION_MODE = wholemodule;
				VALIDATE_PRODUCT = YES;
			};
			name = Release;
		};
		345445272B33B2020004290E /* Debug */ = {
			isa = XCBuildConfiguration;
			buildSettings = {
				ASSETCATALOG_COMPILER_APPICON_NAME = AppIcon;
				ASSETCATALOG_COMPILER_GLOBAL_ACCENT_COLOR_NAME = AccentColor;
				CODE_SIGN_STYLE = Automatic;
				CURRENT_PROJECT_VERSION = 1;
				DEVELOPMENT_ASSET_PATHS = "\"CurrencierMain/Preview Content\"";
				DEVELOPMENT_TEAM = 8PMGQBN6W9;
				ENABLE_PREVIEWS = YES;
				GENERATE_INFOPLIST_FILE = YES;
				INFOPLIST_KEY_UIApplicationSceneManifest_Generation = YES;
				INFOPLIST_KEY_UIApplicationSupportsIndirectInputEvents = YES;
				INFOPLIST_KEY_UILaunchScreen_Generation = YES;
				INFOPLIST_KEY_UISupportedInterfaceOrientations_iPad = "UIInterfaceOrientationPortrait UIInterfaceOrientationPortraitUpsideDown UIInterfaceOrientationLandscapeLeft UIInterfaceOrientationLandscapeRight";
				INFOPLIST_KEY_UISupportedInterfaceOrientations_iPhone = "UIInterfaceOrientationPortrait UIInterfaceOrientationLandscapeLeft UIInterfaceOrientationLandscapeRight";
				LD_RUNPATH_SEARCH_PATHS = (
					"$(inherited)",
					"@executable_path/Frameworks",
				);
				MARKETING_VERSION = 1.0;
				PRODUCT_BUNDLE_IDENTIFIER = "-.Currencier";
				PRODUCT_NAME = "$(TARGET_NAME)";
				SWIFT_EMIT_LOC_STRINGS = YES;
				SWIFT_VERSION = 5.0;
				TARGETED_DEVICE_FAMILY = "1,2";
			};
			name = Debug;
		};
		345445282B33B2020004290E /* Release */ = {
			isa = XCBuildConfiguration;
			buildSettings = {
				ASSETCATALOG_COMPILER_APPICON_NAME = AppIcon;
				ASSETCATALOG_COMPILER_GLOBAL_ACCENT_COLOR_NAME = AccentColor;
				CODE_SIGN_STYLE = Automatic;
				CURRENT_PROJECT_VERSION = 1;
				DEVELOPMENT_ASSET_PATHS = "\"CurrencierMain/Preview Content\"";
				DEVELOPMENT_TEAM = 8PMGQBN6W9;
				ENABLE_PREVIEWS = YES;
				GENERATE_INFOPLIST_FILE = YES;
				INFOPLIST_KEY_UIApplicationSceneManifest_Generation = YES;
				INFOPLIST_KEY_UIApplicationSupportsIndirectInputEvents = YES;
				INFOPLIST_KEY_UILaunchScreen_Generation = YES;
				INFOPLIST_KEY_UISupportedInterfaceOrientations_iPad = "UIInterfaceOrientationPortrait UIInterfaceOrientationPortraitUpsideDown UIInterfaceOrientationLandscapeLeft UIInterfaceOrientationLandscapeRight";
				INFOPLIST_KEY_UISupportedInterfaceOrientations_iPhone = "UIInterfaceOrientationPortrait UIInterfaceOrientationLandscapeLeft UIInterfaceOrientationLandscapeRight";
				LD_RUNPATH_SEARCH_PATHS = (
					"$(inherited)",
					"@executable_path/Frameworks",
				);
				MARKETING_VERSION = 1.0;
				PRODUCT_BUNDLE_IDENTIFIER = "-.Currencier";
				PRODUCT_NAME = "$(TARGET_NAME)";
				SWIFT_EMIT_LOC_STRINGS = YES;
				SWIFT_VERSION = 5.0;
				TARGETED_DEVICE_FAMILY = "1,2";
			};
			name = Release;
		};
/* End XCBuildConfiguration section */

/* Begin XCConfigurationList section */
		345445132B33B1FF0004290E /* Build configuration list for PBXProject "Currencier" */ = {
			isa = XCConfigurationList;
			buildConfigurations = (
				345445242B33B2020004290E /* Debug */,
				345445252B33B2020004290E /* Release */,
			);
			defaultConfigurationIsVisible = 0;
			defaultConfigurationName = Release;
		};
		345445262B33B2020004290E /* Build configuration list for PBXNativeTarget "Currencier" */ = {
			isa = XCConfigurationList;
			buildConfigurations = (
				345445272B33B2020004290E /* Debug */,
				345445282B33B2020004290E /* Release */,
			);
			defaultConfigurationIsVisible = 0;
			defaultConfigurationName = Release;
		};
/* End XCConfigurationList section */

/* Begin XCRemoteSwiftPackageReference section */
		344C98A12B35B63A003A10B7 /* XCRemoteSwiftPackageReference "Alamofire" */ = {
			isa = XCRemoteSwiftPackageReference;
			repositoryURL = "https://github.com/Alamofire/Alamofire.git";
			requirement = {
				kind = upToNextMajorVersion;
				minimumVersion = 5.8.1;
			};
		};
		344C98A42B35C032003A10B7 /* XCRemoteSwiftPackageReference "SwiftCSV" */ = {
			isa = XCRemoteSwiftPackageReference;
			repositoryURL = "https://github.com/swiftcsv/SwiftCSV.git";
			requirement = {
				kind = upToNextMajorVersion;
				minimumVersion = 0.9.1;
			};
		};
		34FA2EF92B38DBB400587393 /* XCRemoteSwiftPackageReference "chartview" */ = {
			isa = XCRemoteSwiftPackageReference;
			repositoryURL = "https://github.com/apppear/chartview.git";
			requirement = {
				kind = upToNextMajorVersion;
				minimumVersion = 1.5.5;
			};
		};
/* End XCRemoteSwiftPackageReference section */

/* Begin XCSwiftPackageProductDependency section */
		344C98A22B35B63A003A10B7 /* Alamofire */ = {
			isa = XCSwiftPackageProductDependency;
			package = 344C98A12B35B63A003A10B7 /* XCRemoteSwiftPackageReference "Alamofire" */;
			productName = Alamofire;
		};
		344C98A52B35C032003A10B7 /* SwiftCSV */ = {
			isa = XCSwiftPackageProductDependency;
			package = 344C98A42B35C032003A10B7 /* XCRemoteSwiftPackageReference "SwiftCSV" */;
			productName = SwiftCSV;
		};
		34FA2EFA2B38DBB400587393 /* SwiftUICharts */ = {
			isa = XCSwiftPackageProductDependency;
			package = 34FA2EF92B38DBB400587393 /* XCRemoteSwiftPackageReference "chartview" */;
			productName = SwiftUICharts;
		};
/* End XCSwiftPackageProductDependency section */
	};
	rootObject = 345445102B33B1FF0004290E /* Project object */;
}
